
Microsoft Visual Studio Solution File, Format Version 12.00
# Visual Studio Version 17
VisualStudioVersion = 17.12.35527.113
MinimumVisualStudioVersion = 10.0.40219.1
Project("{FAE04EC0-301F-11D3-BF4B-00C04F79EFBC}") = "File1", "File1\File1.csproj", "{BF3FB520-85A1-4E37-8CEE-350A86FBD621}"
EndProject
Project("{FAE04EC0-301F-11D3-BF4B-00C04F79EFBC}") = "02FileInfo1", "02FileInfo1\02FileInfo1.csproj", "{71273AA2-F78D-410C-BED5-CDD2F32642DD}"
EndProject
Project("{FAE04EC0-301F-11D3-BF4B-00C04F79EFBC}") = "03Directory1", "03Directory1\03Directory1.csproj", "{098FFEB3-55D2-44E9-8130-74FCE11F49C2}"
EndProject
Project("{FAE04EC0-301F-11D3-BF4B-00C04F79EFBC}") = "04DirectoryInfo1", "04DirectoryInfo1\04DirectoryInfo1.csproj", "{48605F81-7F9E-424F-8E3B-867655B68353}"
EndProject
Project("{FAE04EC0-301F-11D3-BF4B-00C04F79EFBC}") = "05Path1", "05Path1\05Path1.csproj", "{420C56BF-E45E-4E13-B9D3-C3E9BFD76524}"
EndProject
Project("{FAE04EC0-301F-11D3-BF4B-00C04F79EFBC}") = "06FileStream1", "06FileStream1\06FileStream1.csproj", "{197C10A1-1C11-43EB-BD16-4EBA0735763D}"
EndProject
Project("{FAE04EC0-301F-11D3-BF4B-00C04F79EFBC}") = "07FileStreamBlocoUsing", "07FileStreamBlocoUsing\07FileStreamBlocoUsing.csproj", "{99DF9E7C-4967-4069-82AF-E4031F347128}"
EndProject
Project("{FAE04EC0-301F-11D3-BF4B-00C04F79EFBC}") = "07StreamExercicio", "07StreamExercicio\07StreamExercicio.csproj", "{E7B5F9D4-F271-49CF-9D12-85C3AB0E04BE}"
EndProject
Global
	GlobalSection(SolutionConfigurationPlatforms) = preSolution
		Debug|Any CPU = Debug|Any CPU
		Release|Any CPU = Release|Any CPU
	EndGlobalSection
	GlobalSection(ProjectConfigurationPlatforms) = postSolution
		{BF3FB520-85A1-4E37-8CEE-350A86FBD621}.Debug|Any CPU.ActiveCfg = Debug|Any CPU
		{BF3FB520-85A1-4E37-8CEE-350A86FBD621}.Debug|Any CPU.Build.0 = Debug|Any CPU
		{BF3FB520-85A1-4E37-8CEE-350A86FBD621}.Release|Any CPU.ActiveCfg = Release|Any CPU
		{BF3FB520-85A1-4E37-8CEE-350A86FBD621}.Release|Any CPU.Build.0 = Release|Any CPU
		{71273AA2-F78D-410C-BED5-CDD2F32642DD}.Debug|Any CPU.ActiveCfg = Debug|Any CPU
		{71273AA2-F78D-410C-BED5-CDD2F32642DD}.Debug|Any CPU.Build.0 = Debug|Any CPU
		{71273AA2-F78D-410C-BED5-CDD2F32642DD}.Release|Any CPU.ActiveCfg = Release|Any CPU
		{71273AA2-F78D-410C-BED5-CDD2F32642DD}.Release|Any CPU.Build.0 = Release|Any CPU
		{098FFEB3-55D2-44E9-8130-74FCE11F49C2}.Debug|Any CPU.ActiveCfg = Debug|Any CPU
		{098FFEB3-55D2-44E9-8130-74FCE11F49C2}.Debug|Any CPU.Build.0 = Debug|Any CPU
		{098FFEB3-55D2-44E9-8130-74FCE11F49C2}.Release|Any CPU.ActiveCfg = Release|Any CPU
		{098FFEB3-55D2-44E9-8130-74FCE11F49C2}.Release|Any CPU.Build.0 = Release|Any CPU
		{48605F81-7F9E-424F-8E3B-867655B68353}.Debug|Any CPU.ActiveCfg = Debug|Any CPU
		{48605F81-7F9E-424F-8E3B-867655B68353}.Debug|Any CPU.Build.0 = Debug|Any CPU
		{48605F81-7F9E-424F-8E3B-867655B68353}.Release|Any CPU.ActiveCfg = Release|Any CPU
		{48605F81-7F9E-424F-8E3B-867655B68353}.Release|Any CPU.Build.0 = Release|Any CPU
		{420C56BF-E45E-4E13-B9D3-C3E9BFD76524}.Debug|Any CPU.ActiveCfg = Debug|Any CPU
		{420C56BF-E45E-4E13-B9D3-C3E9BFD76524}.Debug|Any CPU.Build.0 = Debug|Any CPU
		{420C56BF-E45E-4E13-B9D3-C3E9BFD76524}.Release|Any CPU.ActiveCfg = Release|Any CPU
		{420C56BF-E45E-4E13-B9D3-C3E9BFD76524}.Release|Any CPU.Build.0 = Release|Any CPU
		{197C10A1-1C11-43EB-BD16-4EBA0735763D}.Debug|Any CPU.ActiveCfg = Debug|Any CPU
		{197C10A1-1C11-43EB-BD16-4EBA0735763D}.Debug|Any CPU.Build.0 = Debug|Any CPU
		{197C10A1-1C11-43EB-BD16-4EBA0735763D}.Release|Any CPU.ActiveCfg = Release|Any CPU
		{197C10A1-1C11-43EB-BD16-4EBA0735763D}.Release|Any CPU.Build.0 = Release|Any CPU
		{99DF9E7C-4967-4069-82AF-E4031F347128}.Debug|Any CPU.ActiveCfg = Debug|Any CPU
		{99DF9E7C-4967-4069-82AF-E4031F347128}.Debug|Any CPU.Build.0 = Debug|Any CPU
		{99DF9E7C-4967-4069-82AF-E4031F347128}.Release|Any CPU.ActiveCfg = Release|Any CPU
		{99DF9E7C-4967-4069-82AF-E4031F347128}.Release|Any CPU.Build.0 = Release|Any CPU
		{E7B5F9D4-F271-49CF-9D12-85C3AB0E04BE}.Debug|Any CPU.ActiveCfg = Debug|Any CPU
		{E7B5F9D4-F271-49CF-9D12-85C3AB0E04BE}.Debug|Any CPU.Build.0 = Debug|Any CPU
		{E7B5F9D4-F271-49CF-9D12-85C3AB0E04BE}.Release|Any CPU.ActiveCfg = Release|Any CPU
		{E7B5F9D4-F271-49CF-9D12-85C3AB0E04BE}.Release|Any CPU.Build.0 = Release|Any CPU
	EndGlobalSection
	GlobalSection(SolutionProperties) = preSolution
		HideSolutionNode = FALSE
	EndGlobalSection
EndGlobal
